<?xml version="1.0" encoding="utf-8"?>
<Project ToolsVersion="4.0" xmlns="http://schemas.microsoft.com/developer/msbuild/2003">
  <ItemGroup>
    <Filter Include="Source Files">
      <UniqueIdentifier>{4FC737F1-C7A5-4376-A066-2A32D752A2FF}</UniqueIdentifier>
      <Extensions>cpp;c;cc;cxx;def;odl;idl;hpj;bat;asm;asmx</Extensions>
    </Filter>
    <Filter Include="Header Files">
      <UniqueIdentifier>{93995380-89BD-4b04-88EB-625FBE52EBFB}</UniqueIdentifier>
      <Extensions>h;hh;hpp;hxx;hm;inl;inc;ipp;xsd</Extensions>
    </Filter>
    <Filter Include="Resource Files">
      <UniqueIdentifier>{67DA6AB6-F800-4c08-8B7A-83BB121AAD01}</UniqueIdentifier>
      <Extensions>rc;ico;cur;bmp;dlg;rc2;rct;bin;rgs;gif;jpg;jpeg;jpe;resx;tiff;tif;png;wav;mfcribbon-ms</Extensions>
    </Filter>
    <Filter Include="Source Files\Events">
      <UniqueIdentifier>{1b82adfe-9670-4f5e-800b-73f5b375a992}</UniqueIdentifier>
    </Filter>
    <Filter Include="Source Files\Characters">
      <UniqueIdentifier>{4617b2ba-6782-405a-8466-07087729adf8}</UniqueIdentifier>
    </Filter>
    <Filter Include="Source Files\Assets">
      <UniqueIdentifier>{76bf68a5-5201-4462-9fe2-681a5d54a7bd}</UniqueIdentifier>
    </Filter>
    <Filter Include="Source Files\Characters\Systems">
      <UniqueIdentifier>{011fd13c-0b13-458f-a226-7926c7b871c1}</UniqueIdentifier>
    </Filter>
    <Filter Include="Source Files\Systems">
      <UniqueIdentifier>{01b5f505-9c51-4a1e-a453-80afef1b525a}</UniqueIdentifier>
    </Filter>
  </ItemGroup>
  <ItemGroup>
    <ClCompile Include="main.cpp">
      <Filter>Source Files</Filter>
    </ClCompile>
    <ClCompile Include="Characters\Enemy.cpp">
      <Filter>Source Files\Characters</Filter>
    </ClCompile>
    <ClCompile Include="Characters\Systems\HealthManager.cpp">
      <Filter>Source Files\Characters\Systems</Filter>
    </ClCompile>
    <ClCompile Include="Characters\Player.cpp">
      <Filter>Source Files\Characters</Filter>
    </ClCompile>
    <ClCompile Include="Systems\Scoreboard.cpp">
      <Filter>Source Files\Systems</Filter>
    </ClCompile>
    <ClCompile Include="Events\Subject.cpp">
      <Filter>Source Files\Events</Filter>
    </ClCompile>
    <ClCompile Include="Systems\Collision.cpp">
      <Filter>Source Files</Filter>
    </ClCompile>
    <ClCompile Include="Characters\Systems\Collider.cpp">
      <Filter>Source Files</Filter>
    </ClCompile>
    <ClCompile Include="Objects\Bullet.cpp">
      <Filter>Source Files</Filter>
    </ClCompile>
  </ItemGroup>
  <ItemGroup>
    <ClInclude Include="Characters\Enemy.h">
      <Filter>Source Files\Characters</Filter>
    </ClInclude>
    <ClInclude Include="Characters\Systems\HealthManager.h">
      <Filter>Source Files\Characters\Systems</Filter>
    </ClInclude>
    <ClInclude Include="Characters\Player.h">
      <Filter>Source Files\Characters</Filter>
    </ClInclude>
    <ClInclude Include="Events\Subject.h">
      <Filter>Source Files\Events</Filter>
    </ClInclude>
    <ClInclude Include="Events\Observer.h">
      <Filter>Source Files\Events</Filter>
    </ClInclude>
    <ClInclude Include="Characters\Systems\Collider.h">
      <Filter>Header Files</Filter>
    </ClInclude>
    <ClInclude Include="Systems\Rect.h">
      <Filter>Header Files</Filter>
    </ClInclude>
    <ClInclude Include="Objects\Bullet.h">
      <Filter>Header Files</Filter>
    </ClInclude>
    <ClInclude Include="Systems\Collision.h">
      <Filter>Header Files</Filter>
    </ClInclude>
  </ItemGroup>
  <ItemGroup>
    <Image Include="Assets\ship.bmp">
      <Filter>Source Files\Assets</Filter>
    </Image>
    <Image Include="Assets\bullet.bmp">
      <Filter>Resource Files</Filter>
    </Image>
    <Image Include="Assets\enemy.bmp">
      <Filter>Resource Files</Filter>
    </Image>
  </ItemGroup>
</Project>